
Microsoft Visual Studio Solution File, Format Version 12.00
# Visual Studio Version 16
VisualStudioVersion = 16.0.30711.63
MinimumVisualStudioVersion = 10.0.40219.1
Project("{FAE04EC0-301F-11D3-BF4B-00C04F79EFBC}") = "Sol_Demo.Android", "Sol_Demo\Sol_Demo.Android\Sol_Demo.Android.csproj", "{0B0D5C43-DE8A-4735-8014-FCD4B5966ACC}"
EndProject
Project("{FAE04EC0-301F-11D3-BF4B-00C04F79EFBC}") = "Sol_Demo", "Sol_Demo\Sol_Demo\Sol_Demo.csproj", "{BFFFA731-49B1-4037-BD8B-CC2A4F61CB3C}"
EndProject
Global
	GlobalSection(SolutionConfigurationPlatforms) = preSolution
		Debug|Any CPU = Debug|Any CPU
		Release|Any CPU = Release|Any CPU
	EndGlobalSection
	GlobalSection(ProjectConfigurationPlatforms) = postSolution
		{0B0D5C43-DE8A-4735-8014-FCD4B5966ACC}.Debug|Any CPU.ActiveCfg = Debug|Any CPU
		{0B0D5C43-DE8A-4735-8014-FCD4B5966ACC}.Debug|Any CPU.Build.0 = Debug|Any CPU
		{0B0D5C43-DE8A-4735-8014-FCD4B5966ACC}.Debug|Any CPU.Deploy.0 = Debug|Any CPU
		{0B0D5C43-DE8A-4735-8014-FCD4B5966ACC}.Release|Any CPU.ActiveCfg = Release|Any CPU
		{0B0D5C43-DE8A-4735-8014-FCD4B5966ACC}.Release|Any CPU.Build.0 = Release|Any CPU
		{0B0D5C43-DE8A-4735-8014-FCD4B5966ACC}.Release|Any CPU.Deploy.0 = Release|Any CPU
		{BFFFA731-49B1-4037-BD8B-CC2A4F61CB3C}.Debug|Any CPU.ActiveCfg = Debug|Any CPU
		{BFFFA731-49B1-4037-BD8B-CC2A4F61CB3C}.Debug|Any CPU.Build.0 = Debug|Any CPU
		{BFFFA731-49B1-4037-BD8B-CC2A4F61CB3C}.Debug|Any CPU.Deploy.0 = Debug|Any CPU
		{BFFFA731-49B1-4037-BD8B-CC2A4F61CB3C}.Release|Any CPU.ActiveCfg = Release|Any CPU
		{BFFFA731-49B1-4037-BD8B-CC2A4F61CB3C}.Release|Any CPU.Build.0 = Release|Any CPU
		{BFFFA731-49B1-4037-BD8B-CC2A4F61CB3C}.Release|Any CPU.Deploy.0 = Release|Any CPU
	EndGlobalSection
	GlobalSection(SolutionProperties) = preSolution
		HideSolutionNode = FALSE
	EndGlobalSection
	GlobalSection(ExtensibilityGlobals) = postSolution
		SolutionGuid = {E94351F0-FF66-4590-8514-08E20A143C22}
	EndGlobalSection
EndGlobal
